
Microsoft Visual Studio Solution File, Format Version 12.00
# Visual Studio Version 17
VisualStudioVersion = 17.1.32319.34
MinimumVisualStudioVersion = 10.0.40219.1
Project("{888888A0-9F3D-457C-B088-3A5042F75D52}") = "hello_world", "hello_world\hello_world.pyproj", "{5E298507-633F-47BF-AC76-7EA26638D045}"
EndProject
Global
	GlobalSection(SolutionConfigurationPlatforms) = preSolution
		Debug|Any CPU = Debug|Any CPU
		Release|Any CPU = Release|Any CPU
	EndGlobalSection
	GlobalSection(ProjectConfigurationPlatforms) = postSolution
		{5E298507-633F-47BF-AC76-7EA26638D045}.Debug|Any CPU.ActiveCfg = Debug|Any CPU
		{5E298507-633F-47BF-AC76-7EA26638D045}.Release|Any CPU.ActiveCfg = Release|Any CPU
	EndGlobalSection
	GlobalSection(SolutionProperties) = preSolution
		HideSolutionNode = FALSE
	EndGlobalSection
	GlobalSection(ExtensibilityGlobals) = postSolution
		SolutionGuid = {C270CF23-6CBC-41C9-81F2-D39B1A5FD17F}
	EndGlobalSection
EndGlobal
